// !$*UTF8*$!
{
	archiveVersion = 1;
	classes = {
	};
	objectVersion = 52;
	objects = {

/* Begin PBXBuildFile section */
		6A377261262D6724003A6417 /* MapView.swift in Sources */ = {isa = PBXBuildFile; fileRef = 6A377260262D6724003A6417 /* MapView.swift */; };
		6A37726F262D6D76003A6417 /* JourneyCreate.storyboard in Resources */ = {isa = PBXBuildFile; fileRef = 6A37726E262D6D76003A6417 /* JourneyCreate.storyboard */; };
		6A377277262D8462003A6417 /* JourneyCreateViewController.swift in Sources */ = {isa = PBXBuildFile; fileRef = 6A377276262D8462003A6417 /* JourneyCreateViewController.swift */; };
		6A3955762626EE4100A67AEB /* empty.swift in Sources */ = {isa = PBXBuildFile; fileRef = 6A3955752626EE4100A67AEB /* empty.swift */; };
		6A3955BC2629EB7900A67AEB /* DatePickerViewController.swift in Sources */ = {isa = PBXBuildFile; fileRef = 6A3955BB2629EB7900A67AEB /* DatePickerViewController.swift */; };
		6A3955CD262ADCED00A67AEB /* SelectedDateDetailsViewController.swift in Sources */ = {isa = PBXBuildFile; fileRef = 6A3955CC262ADCED00A67AEB /* SelectedDateDetailsViewController.swift */; };
		6A3955D2262ADD0900A67AEB /* JourneyDetailsViewController.swift in Sources */ = {isa = PBXBuildFile; fileRef = 6A3955D1262ADD0900A67AEB /* JourneyDetailsViewController.swift */; };
		6A3955D7262ADD2A00A67AEB /* JourneyMediaDetailsViewController.swift in Sources */ = {isa = PBXBuildFile; fileRef = 6A3955D6262ADD2A00A67AEB /* JourneyMediaDetailsViewController.swift */; };
		6A395633262FF58A00A67AEB /* JourneyMedia.storyboard in Resources */ = {isa = PBXBuildFile; fileRef = 6A395631262FF58A00A67AEB /* JourneyMedia.storyboard */; };
		6A395638262FF7B200A67AEB /* JourneyDetails.storyboard in Resources */ = {isa = PBXBuildFile; fileRef = 6A395636262FF7B200A67AEB /* JourneyDetails.storyboard */; };
		6A39563D262FF84500A67AEB /* SelectedDateDetails.storyboard in Resources */ = {isa = PBXBuildFile; fileRef = 6A39563B262FF84500A67AEB /* SelectedDateDetails.storyboard */; };
		6A395642262FF87000A67AEB /* DateSelector.storyboard in Resources */ = {isa = PBXBuildFile; fileRef = 6A395640262FF87000A67AEB /* DateSelector.storyboard */; };
		6AD054572626C0D000750EB8 /* AppDelegate.swift in Sources */ = {isa = PBXBuildFile; fileRef = 6AD054562626C0D000750EB8 /* AppDelegate.swift */; };
		6AD054592626C0D000750EB8 /* SceneDelegate.swift in Sources */ = {isa = PBXBuildFile; fileRef = 6AD054582626C0D000750EB8 /* SceneDelegate.swift */; };
		6AD0545B2626C0D000750EB8 /* ViewController.swift in Sources */ = {isa = PBXBuildFile; fileRef = 6AD0545A2626C0D000750EB8 /* ViewController.swift */; };
		6AD0545E2626C0D000750EB8 /* Main.storyboard in Resources */ = {isa = PBXBuildFile; fileRef = 6AD0545C2626C0D000750EB8 /* Main.storyboard */; };
		6AD054612626C0D000750EB8 /* InMotion.xcdatamodeld in Sources */ = {isa = PBXBuildFile; fileRef = 6AD0545F2626C0D000750EB8 /* InMotion.xcdatamodeld */; };
		6AD054632626C0D300750EB8 /* Assets.xcassets in Resources */ = {isa = PBXBuildFile; fileRef = 6AD054622626C0D300750EB8 /* Assets.xcassets */; };
		6AD054662626C0D300750EB8 /* LaunchScreen.storyboard in Resources */ = {isa = PBXBuildFile; fileRef = 6AD054642626C0D300750EB8 /* LaunchScreen.storyboard */; };
		6AD054712626C0D300750EB8 /* InMotionTests.swift in Sources */ = {isa = PBXBuildFile; fileRef = 6AD054702626C0D300750EB8 /* InMotionTests.swift */; };
		6AD0547C2626C0D300750EB8 /* InMotionUITests.swift in Sources */ = {isa = PBXBuildFile; fileRef = 6AD0547B2626C0D300750EB8 /* InMotionUITests.swift */; };
		6AD054902628280600750EB8 /* .gitignore in Resources */ = {isa = PBXBuildFile; fileRef = 6AD0548F2628280600750EB8 /* .gitignore */; };
		6AD8151F26282DE90033399B /* README.md in Resources */ = {isa = PBXBuildFile; fileRef = 6AD8151E26282DE90033399B /* README.md */; };
		6AD8152426283A950033399B /* RegisterViewController.swift in Sources */ = {isa = PBXBuildFile; fileRef = 6AD8152326283A950033399B /* RegisterViewController.swift */; };
		6AD8153E262844090033399B /* Journey+CoreDataClass.swift in Sources */ = {isa = PBXBuildFile; fileRef = 6AD81536262844090033399B /* Journey+CoreDataClass.swift */; };
		6AD8153F262844090033399B /* Journey+CoreDataProperties.swift in Sources */ = {isa = PBXBuildFile; fileRef = 6AD81537262844090033399B /* Journey+CoreDataProperties.swift */; };
		6AD81540262844090033399B /* User+CoreDataClass.swift in Sources */ = {isa = PBXBuildFile; fileRef = 6AD81538262844090033399B /* User+CoreDataClass.swift */; };
		6AD81541262844090033399B /* User+CoreDataProperties.swift in Sources */ = {isa = PBXBuildFile; fileRef = 6AD81539262844090033399B /* User+CoreDataProperties.swift */; };
		6AD81542262844090033399B /* Post+CoreDataClass.swift in Sources */ = {isa = PBXBuildFile; fileRef = 6AD8153A262844090033399B /* Post+CoreDataClass.swift */; };
		6AD81543262844090033399B /* Post+CoreDataProperties.swift in Sources */ = {isa = PBXBuildFile; fileRef = 6AD8153B262844090033399B /* Post+CoreDataProperties.swift */; };
		6AD81544262844090033399B /* JourneySegment+CoreDataClass.swift in Sources */ = {isa = PBXBuildFile; fileRef = 6AD8153C262844090033399B /* JourneySegment+CoreDataClass.swift */; };
		6AD81545262844090033399B /* JourneySegment+CoreDataProperties.swift in Sources */ = {isa = PBXBuildFile; fileRef = 6AD8153D262844090033399B /* JourneySegment+CoreDataProperties.swift */; };
		6AD8154D262853980033399B /* LoginViewController.swift in Sources */ = {isa = PBXBuildFile; fileRef = 6AD8154C262853980033399B /* LoginViewController.swift */; };
		6AD817AA262D8E6B0033399B /* AWSS3.xcframework in Frameworks */ = {isa = PBXBuildFile; fileRef = 6AD817A2262D8E6B0033399B /* AWSS3.xcframework */; };
		6AD817AB262D8E6B0033399B /* AWSS3.xcframework in Embed Frameworks */ = {isa = PBXBuildFile; fileRef = 6AD817A2262D8E6B0033399B /* AWSS3.xcframework */; settings = {ATTRIBUTES = (CodeSignOnCopy, RemoveHeadersOnCopy, ); }; };
		6AD817AC262D8E6B0033399B /* AWSCognitoIdentityProviderASF.xcframework in Frameworks */ = {isa = PBXBuildFile; fileRef = 6AD817A3262D8E6B0033399B /* AWSCognitoIdentityProviderASF.xcframework */; };
		6AD817AD262D8E6B0033399B /* AWSCognitoIdentityProviderASF.xcframework in Embed Frameworks */ = {isa = PBXBuildFile; fileRef = 6AD817A3262D8E6B0033399B /* AWSCognitoIdentityProviderASF.xcframework */; settings = {ATTRIBUTES = (CodeSignOnCopy, RemoveHeadersOnCopy, ); }; };
		6AD817AE262D8E6B0033399B /* AWSCore.xcframework in Frameworks */ = {isa = PBXBuildFile; fileRef = 6AD817A4262D8E6B0033399B /* AWSCore.xcframework */; };
		6AD817AF262D8E6B0033399B /* AWSCore.xcframework in Embed Frameworks */ = {isa = PBXBuildFile; fileRef = 6AD817A4262D8E6B0033399B /* AWSCore.xcframework */; settings = {ATTRIBUTES = (CodeSignOnCopy, RemoveHeadersOnCopy, ); }; };
		6AD817B0262D8E6B0033399B /* AWSAuthCore.xcframework in Frameworks */ = {isa = PBXBuildFile; fileRef = 6AD817A5262D8E6B0033399B /* AWSAuthCore.xcframework */; };
		6AD817B1262D8E6B0033399B /* AWSAuthCore.xcframework in Embed Frameworks */ = {isa = PBXBuildFile; fileRef = 6AD817A5262D8E6B0033399B /* AWSAuthCore.xcframework */; settings = {ATTRIBUTES = (CodeSignOnCopy, RemoveHeadersOnCopy, ); }; };
		6AD817B2262D8E6B0033399B /* AWSCognitoIdentityProvider.xcframework in Frameworks */ = {isa = PBXBuildFile; fileRef = 6AD817A6262D8E6B0033399B /* AWSCognitoIdentityProvider.xcframework */; };
		6AD817B3262D8E6B0033399B /* AWSCognitoIdentityProvider.xcframework in Embed Frameworks */ = {isa = PBXBuildFile; fileRef = 6AD817A6262D8E6B0033399B /* AWSCognitoIdentityProvider.xcframework */; settings = {ATTRIBUTES = (CodeSignOnCopy, RemoveHeadersOnCopy, ); }; };
		6AD817B4262D8E6B0033399B /* AWSMobileClientXCF.xcframework in Frameworks */ = {isa = PBXBuildFile; fileRef = 6AD817A7262D8E6B0033399B /* AWSMobileClientXCF.xcframework */; };
		6AD817B5262D8E6C0033399B /* AWSMobileClientXCF.xcframework in Embed Frameworks */ = {isa = PBXBuildFile; fileRef = 6AD817A7262D8E6B0033399B /* AWSMobileClientXCF.xcframework */; settings = {ATTRIBUTES = (CodeSignOnCopy, RemoveHeadersOnCopy, ); }; };
		6AD817B6262D8E6C0033399B /* MOPRIMTmdSdk.xcframework in Frameworks */ = {isa = PBXBuildFile; fileRef = 6AD817A8262D8E6B0033399B /* MOPRIMTmdSdk.xcframework */; };
		6AD817B7262D8E6C0033399B /* MOPRIMTmdSdk.xcframework in Embed Frameworks */ = {isa = PBXBuildFile; fileRef = 6AD817A8262D8E6B0033399B /* MOPRIMTmdSdk.xcframework */; settings = {ATTRIBUTES = (CodeSignOnCopy, RemoveHeadersOnCopy, ); }; };
		6AD817B8262D8E6C0033399B /* AWSAPIGateway.xcframework in Frameworks */ = {isa = PBXBuildFile; fileRef = 6AD817A9262D8E6B0033399B /* AWSAPIGateway.xcframework */; };
		6AD817B9262D8E6C0033399B /* AWSAPIGateway.xcframework in Embed Frameworks */ = {isa = PBXBuildFile; fileRef = 6AD817A9262D8E6B0033399B /* AWSAPIGateway.xcframework */; settings = {ATTRIBUTES = (CodeSignOnCopy, RemoveHeadersOnCopy, ); }; };
		6AD817C7262EC5300033399B /* .gitlab-ci.yml in Resources */ = {isa = PBXBuildFile; fileRef = 6AD817C6262EC5300033399B /* .gitlab-ci.yml */; };
		6AD81B582630164A0033399B /* AWSCore.xcframework in Frameworks */ = {isa = PBXBuildFile; fileRef = 6AD81B502630164A0033399B /* AWSCore.xcframework */; };
		6AD81B592630164A0033399B /* MOPRIMTmdSdk.xcframework in Frameworks */ = {isa = PBXBuildFile; fileRef = 6AD81B512630164A0033399B /* MOPRIMTmdSdk.xcframework */; };
		6AD81B5A2630164A0033399B /* AWSAPIGateway.xcframework in Frameworks */ = {isa = PBXBuildFile; fileRef = 6AD81B522630164A0033399B /* AWSAPIGateway.xcframework */; };
		6AD81B5B2630164A0033399B /* AWSCognitoIdentityProvider.xcframework in Frameworks */ = {isa = PBXBuildFile; fileRef = 6AD81B532630164A0033399B /* AWSCognitoIdentityProvider.xcframework */; };
		6AD81B5C2630164A0033399B /* AWSS3.xcframework in Frameworks */ = {isa = PBXBuildFile; fileRef = 6AD81B542630164A0033399B /* AWSS3.xcframework */; };
		6AD81B5D2630164A0033399B /* AWSMobileClientXCF.xcframework in Frameworks */ = {isa = PBXBuildFile; fileRef = 6AD81B552630164A0033399B /* AWSMobileClientXCF.xcframework */; };
		6AD81B5E2630164A0033399B /* AWSCognitoIdentityProviderASF.xcframework in Frameworks */ = {isa = PBXBuildFile; fileRef = 6AD81B562630164A0033399B /* AWSCognitoIdentityProviderASF.xcframework */; };
		6AD81B5F2630164A0033399B /* AWSAuthCore.xcframework in Frameworks */ = {isa = PBXBuildFile; fileRef = 6AD81B572630164A0033399B /* AWSAuthCore.xcframework */; };
/* End PBXBuildFile section */

/* Begin PBXContainerItemProxy section */
		6AD0546D2626C0D300750EB8 /* PBXContainerItemProxy */ = {
			isa = PBXContainerItemProxy;
			containerPortal = 6AD0544B2626C0D000750EB8 /* Project object */;
			proxyType = 1;
			remoteGlobalIDString = 6AD054522626C0D000750EB8;
			remoteInfo = InMotion;
		};
		6AD054782626C0D300750EB8 /* PBXContainerItemProxy */ = {
			isa = PBXContainerItemProxy;
			containerPortal = 6AD0544B2626C0D000750EB8 /* Project object */;
			proxyType = 1;
			remoteGlobalIDString = 6AD054522626C0D000750EB8;
			remoteInfo = InMotion;
		};
/* End PBXContainerItemProxy section */

/* Begin PBXCopyFilesBuildPhase section */
		6AD817BA262D8E6C0033399B /* Embed Frameworks */ = {
			isa = PBXCopyFilesBuildPhase;
			buildActionMask = 2147483647;
			dstPath = "";
			dstSubfolderSpec = 10;
			files = (
				6AD817B5262D8E6C0033399B /* AWSMobileClientXCF.xcframework in Embed Frameworks */,
				6AD817B1262D8E6B0033399B /* AWSAuthCore.xcframework in Embed Frameworks */,
				6AD817AB262D8E6B0033399B /* AWSS3.xcframework in Embed Frameworks */,
				6AD817AD262D8E6B0033399B /* AWSCognitoIdentityProviderASF.xcframework in Embed Frameworks */,
				6AD817AF262D8E6B0033399B /* AWSCore.xcframework in Embed Frameworks */,
				6AD817B7262D8E6C0033399B /* MOPRIMTmdSdk.xcframework in Embed Frameworks */,
				6AD817B3262D8E6B0033399B /* AWSCognitoIdentityProvider.xcframework in Embed Frameworks */,
				6AD817B9262D8E6C0033399B /* AWSAPIGateway.xcframework in Embed Frameworks */,
			);
			name = "Embed Frameworks";
			runOnlyForDeploymentPostprocessing = 0;
		};
/* End PBXCopyFilesBuildPhase section */

/* Begin PBXFileReference section */
		6A377260262D6724003A6417 /* MapView.swift */ = {isa = PBXFileReference; lastKnownFileType = sourcecode.swift; path = MapView.swift; sourceTree = "<group>"; };
		6A37726E262D6D76003A6417 /* JourneyCreate.storyboard */ = {isa = PBXFileReference; fileEncoding = 4; lastKnownFileType = file.storyboard; path = JourneyCreate.storyboard; sourceTree = "<group>"; };
		6A377276262D8462003A6417 /* JourneyCreateViewController.swift */ = {isa = PBXFileReference; lastKnownFileType = sourcecode.swift; path = JourneyCreateViewController.swift; sourceTree = "<group>"; };
		6A3955752626EE4100A67AEB /* empty.swift */ = {isa = PBXFileReference; lastKnownFileType = sourcecode.swift; path = empty.swift; sourceTree = "<group>"; };
		6A3955BB2629EB7900A67AEB /* DatePickerViewController.swift */ = {isa = PBXFileReference; lastKnownFileType = sourcecode.swift; path = DatePickerViewController.swift; sourceTree = "<group>"; };
		6A3955CC262ADCED00A67AEB /* SelectedDateDetailsViewController.swift */ = {isa = PBXFileReference; lastKnownFileType = sourcecode.swift; path = SelectedDateDetailsViewController.swift; sourceTree = "<group>"; };
		6A3955D1262ADD0900A67AEB /* JourneyDetailsViewController.swift */ = {isa = PBXFileReference; lastKnownFileType = sourcecode.swift; path = JourneyDetailsViewController.swift; sourceTree = "<group>"; };
		6A3955D6262ADD2A00A67AEB /* JourneyMediaDetailsViewController.swift */ = {isa = PBXFileReference; lastKnownFileType = sourcecode.swift; path = JourneyMediaDetailsViewController.swift; sourceTree = "<group>"; };
		6A395632262FF58A00A67AEB /* Base */ = {isa = PBXFileReference; lastKnownFileType = file.storyboard; name = Base; path = Base.lproj/JourneyMedia.storyboard; sourceTree = "<group>"; };
		6A395637262FF7B200A67AEB /* Base */ = {isa = PBXFileReference; lastKnownFileType = file.storyboard; name = Base; path = Base.lproj/JourneyDetails.storyboard; sourceTree = "<group>"; };
		6A39563C262FF84500A67AEB /* Base */ = {isa = PBXFileReference; lastKnownFileType = file.storyboard; name = Base; path = Base.lproj/SelectedDateDetails.storyboard; sourceTree = "<group>"; };
		6A395641262FF87000A67AEB /* Base */ = {isa = PBXFileReference; lastKnownFileType = file.storyboard; name = Base; path = Base.lproj/DateSelector.storyboard; sourceTree = "<group>"; };
		6AD054532626C0D000750EB8 /* InMotion.app */ = {isa = PBXFileReference; explicitFileType = wrapper.application; includeInIndex = 0; path = InMotion.app; sourceTree = BUILT_PRODUCTS_DIR; };
		6AD054562626C0D000750EB8 /* AppDelegate.swift */ = {isa = PBXFileReference; lastKnownFileType = sourcecode.swift; path = AppDelegate.swift; sourceTree = "<group>"; };
		6AD054582626C0D000750EB8 /* SceneDelegate.swift */ = {isa = PBXFileReference; lastKnownFileType = sourcecode.swift; path = SceneDelegate.swift; sourceTree = "<group>"; };
		6AD0545A2626C0D000750EB8 /* ViewController.swift */ = {isa = PBXFileReference; lastKnownFileType = sourcecode.swift; path = ViewController.swift; sourceTree = "<group>"; };
		6AD0545D2626C0D000750EB8 /* Base */ = {isa = PBXFileReference; lastKnownFileType = file.storyboard; name = Base; path = Base.lproj/Main.storyboard; sourceTree = "<group>"; };
		6AD054602626C0D000750EB8 /* InMotion.xcdatamodel */ = {isa = PBXFileReference; lastKnownFileType = wrapper.xcdatamodel; path = InMotion.xcdatamodel; sourceTree = "<group>"; };
		6AD054622626C0D300750EB8 /* Assets.xcassets */ = {isa = PBXFileReference; lastKnownFileType = folder.assetcatalog; path = Assets.xcassets; sourceTree = "<group>"; };
		6AD054652626C0D300750EB8 /* Base */ = {isa = PBXFileReference; lastKnownFileType = file.storyboard; name = Base; path = Base.lproj/LaunchScreen.storyboard; sourceTree = "<group>"; };
		6AD054672626C0D300750EB8 /* Info.plist */ = {isa = PBXFileReference; lastKnownFileType = text.plist.xml; path = Info.plist; sourceTree = "<group>"; };
		6AD0546C2626C0D300750EB8 /* InMotionTests.xctest */ = {isa = PBXFileReference; explicitFileType = wrapper.cfbundle; includeInIndex = 0; path = InMotionTests.xctest; sourceTree = BUILT_PRODUCTS_DIR; };
		6AD054702626C0D300750EB8 /* InMotionTests.swift */ = {isa = PBXFileReference; lastKnownFileType = sourcecode.swift; path = InMotionTests.swift; sourceTree = "<group>"; };
		6AD054722626C0D300750EB8 /* Info.plist */ = {isa = PBXFileReference; lastKnownFileType = text.plist.xml; path = Info.plist; sourceTree = "<group>"; };
		6AD054772626C0D300750EB8 /* InMotionUITests.xctest */ = {isa = PBXFileReference; explicitFileType = wrapper.cfbundle; includeInIndex = 0; path = InMotionUITests.xctest; sourceTree = BUILT_PRODUCTS_DIR; };
		6AD0547B2626C0D300750EB8 /* InMotionUITests.swift */ = {isa = PBXFileReference; lastKnownFileType = sourcecode.swift; path = InMotionUITests.swift; sourceTree = "<group>"; };
		6AD0547D2626C0D300750EB8 /* Info.plist */ = {isa = PBXFileReference; lastKnownFileType = text.plist.xml; path = Info.plist; sourceTree = "<group>"; };
		6AD0548F2628280600750EB8 /* .gitignore */ = {isa = PBXFileReference; lastKnownFileType = text; path = .gitignore; sourceTree = "<group>"; };
		6AD8151E26282DE90033399B /* README.md */ = {isa = PBXFileReference; fileEncoding = 4; lastKnownFileType = net.daringfireball.markdown; path = README.md; sourceTree = "<group>"; };
		6AD8152326283A950033399B /* RegisterViewController.swift */ = {isa = PBXFileReference; lastKnownFileType = sourcecode.swift; path = RegisterViewController.swift; sourceTree = "<group>"; };
		6AD81536262844090033399B /* Journey+CoreDataClass.swift */ = {isa = PBXFileReference; lastKnownFileType = sourcecode.swift; path = "Journey+CoreDataClass.swift"; sourceTree = "<group>"; };
		6AD81537262844090033399B /* Journey+CoreDataProperties.swift */ = {isa = PBXFileReference; lastKnownFileType = sourcecode.swift; path = "Journey+CoreDataProperties.swift"; sourceTree = "<group>"; };
		6AD81538262844090033399B /* User+CoreDataClass.swift */ = {isa = PBXFileReference; lastKnownFileType = sourcecode.swift; path = "User+CoreDataClass.swift"; sourceTree = "<group>"; };
		6AD81539262844090033399B /* User+CoreDataProperties.swift */ = {isa = PBXFileReference; lastKnownFileType = sourcecode.swift; path = "User+CoreDataProperties.swift"; sourceTree = "<group>"; };
		6AD8153A262844090033399B /* Post+CoreDataClass.swift */ = {isa = PBXFileReference; lastKnownFileType = sourcecode.swift; path = "Post+CoreDataClass.swift"; sourceTree = "<group>"; };
		6AD8153B262844090033399B /* Post+CoreDataProperties.swift */ = {isa = PBXFileReference; lastKnownFileType = sourcecode.swift; path = "Post+CoreDataProperties.swift"; sourceTree = "<group>"; };
		6AD8153C262844090033399B /* JourneySegment+CoreDataClass.swift */ = {isa = PBXFileReference; lastKnownFileType = sourcecode.swift; path = "JourneySegment+CoreDataClass.swift"; sourceTree = "<group>"; };
		6AD8153D262844090033399B /* JourneySegment+CoreDataProperties.swift */ = {isa = PBXFileReference; lastKnownFileType = sourcecode.swift; path = "JourneySegment+CoreDataProperties.swift"; sourceTree = "<group>"; };
		6AD8154C262853980033399B /* LoginViewController.swift */ = {isa = PBXFileReference; lastKnownFileType = sourcecode.swift; path = LoginViewController.swift; sourceTree = "<group>"; };
		6AD817A2262D8E6B0033399B /* AWSS3.xcframework */ = {isa = PBXFileReference; lastKnownFileType = wrapper.xcframework; name = AWSS3.xcframework; path = SubFrameworks/AWSS3.xcframework; sourceTree = "<group>"; };
		6AD817A3262D8E6B0033399B /* AWSCognitoIdentityProviderASF.xcframework */ = {isa = PBXFileReference; lastKnownFileType = wrapper.xcframework; name = AWSCognitoIdentityProviderASF.xcframework; path = SubFrameworks/AWSCognitoIdentityProviderASF.xcframework; sourceTree = "<group>"; };
		6AD817A4262D8E6B0033399B /* AWSCore.xcframework */ = {isa = PBXFileReference; lastKnownFileType = wrapper.xcframework; name = AWSCore.xcframework; path = SubFrameworks/AWSCore.xcframework; sourceTree = "<group>"; };
		6AD817A5262D8E6B0033399B /* AWSAuthCore.xcframework */ = {isa = PBXFileReference; lastKnownFileType = wrapper.xcframework; name = AWSAuthCore.xcframework; path = SubFrameworks/AWSAuthCore.xcframework; sourceTree = "<group>"; };
		6AD817A6262D8E6B0033399B /* AWSCognitoIdentityProvider.xcframework */ = {isa = PBXFileReference; lastKnownFileType = wrapper.xcframework; name = AWSCognitoIdentityProvider.xcframework; path = SubFrameworks/AWSCognitoIdentityProvider.xcframework; sourceTree = "<group>"; };
		6AD817A7262D8E6B0033399B /* AWSMobileClientXCF.xcframework */ = {isa = PBXFileReference; lastKnownFileType = wrapper.xcframework; name = AWSMobileClientXCF.xcframework; path = SubFrameworks/AWSMobileClientXCF.xcframework; sourceTree = "<group>"; };
		6AD817A8262D8E6B0033399B /* MOPRIMTmdSdk.xcframework */ = {isa = PBXFileReference; lastKnownFileType = wrapper.xcframework; name = MOPRIMTmdSdk.xcframework; path = SubFrameworks/MOPRIMTmdSdk.xcframework; sourceTree = "<group>"; };
		6AD817A9262D8E6B0033399B /* AWSAPIGateway.xcframework */ = {isa = PBXFileReference; lastKnownFileType = wrapper.xcframework; name = AWSAPIGateway.xcframework; path = SubFrameworks/AWSAPIGateway.xcframework; sourceTree = "<group>"; };
		6AD817C6262EC5300033399B /* .gitlab-ci.yml */ = {isa = PBXFileReference; fileEncoding = 4; lastKnownFileType = text.yaml; path = ".gitlab-ci.yml"; sourceTree = "<group>"; };
		6AD81B502630164A0033399B /* AWSCore.xcframework */ = {isa = PBXFileReference; lastKnownFileType = wrapper.xcframework; path = AWSCore.xcframework; sourceTree = "<group>"; };
		6AD81B512630164A0033399B /* MOPRIMTmdSdk.xcframework */ = {isa = PBXFileReference; lastKnownFileType = wrapper.xcframework; path = MOPRIMTmdSdk.xcframework; sourceTree = "<group>"; };
		6AD81B522630164A0033399B /* AWSAPIGateway.xcframework */ = {isa = PBXFileReference; lastKnownFileType = wrapper.xcframework; path = AWSAPIGateway.xcframework; sourceTree = "<group>"; };
		6AD81B532630164A0033399B /* AWSCognitoIdentityProvider.xcframework */ = {isa = PBXFileReference; lastKnownFileType = wrapper.xcframework; path = AWSCognitoIdentityProvider.xcframework; sourceTree = "<group>"; };
		6AD81B542630164A0033399B /* AWSS3.xcframework */ = {isa = PBXFileReference; lastKnownFileType = wrapper.xcframework; path = AWSS3.xcframework; sourceTree = "<group>"; };
		6AD81B552630164A0033399B /* AWSMobileClientXCF.xcframework */ = {isa = PBXFileReference; lastKnownFileType = wrapper.xcframework; path = AWSMobileClientXCF.xcframework; sourceTree = "<group>"; };
		6AD81B562630164A0033399B /* AWSCognitoIdentityProviderASF.xcframework */ = {isa = PBXFileReference; lastKnownFileType = wrapper.xcframework; path = AWSCognitoIdentityProviderASF.xcframework; sourceTree = "<group>"; };
		6AD81B572630164A0033399B /* AWSAuthCore.xcframework */ = {isa = PBXFileReference; lastKnownFileType = wrapper.xcframework; path = AWSAuthCore.xcframework; sourceTree = "<group>"; };
/* End PBXFileReference section */

/* Begin PBXFrameworksBuildPhase section */
		6AD054502626C0D000750EB8 /* Frameworks */ = {
			isa = PBXFrameworksBuildPhase;
			buildActionMask = 2147483647;
			files = (
				6AD81B5E2630164A0033399B /* AWSCognitoIdentityProviderASF.xcframework in Frameworks */,
				6AD81B5D2630164A0033399B /* AWSMobileClientXCF.xcframework in Frameworks */,
				6AD817B4262D8E6B0033399B /* AWSMobileClientXCF.xcframework in Frameworks */,
				6AD817B0262D8E6B0033399B /* AWSAuthCore.xcframework in Frameworks */,
				6AD81B5F2630164A0033399B /* AWSAuthCore.xcframework in Frameworks */,
				6AD817AA262D8E6B0033399B /* AWSS3.xcframework in Frameworks */,
				6AD81B5C2630164A0033399B /* AWSS3.xcframework in Frameworks */,
				6AD817AC262D8E6B0033399B /* AWSCognitoIdentityProviderASF.xcframework in Frameworks */,
				6AD81B5B2630164A0033399B /* AWSCognitoIdentityProvider.xcframework in Frameworks */,
				6AD817AE262D8E6B0033399B /* AWSCore.xcframework in Frameworks */,
				6AD81B582630164A0033399B /* AWSCore.xcframework in Frameworks */,
				6AD817B6262D8E6C0033399B /* MOPRIMTmdSdk.xcframework in Frameworks */,
				6AD81B5A2630164A0033399B /* AWSAPIGateway.xcframework in Frameworks */,
				6AD817B2262D8E6B0033399B /* AWSCognitoIdentityProvider.xcframework in Frameworks */,
				6AD81B592630164A0033399B /* MOPRIMTmdSdk.xcframework in Frameworks */,
				6AD817B8262D8E6C0033399B /* AWSAPIGateway.xcframework in Frameworks */,
			);
			runOnlyForDeploymentPostprocessing = 0;
		};
		6AD054692626C0D300750EB8 /* Frameworks */ = {
			isa = PBXFrameworksBuildPhase;
			buildActionMask = 2147483647;
			files = (
			);
			runOnlyForDeploymentPostprocessing = 0;
		};
		6AD054742626C0D300750EB8 /* Frameworks */ = {
			isa = PBXFrameworksBuildPhase;
			buildActionMask = 2147483647;
			files = (
			);
			runOnlyForDeploymentPostprocessing = 0;
		};
/* End PBXFrameworksBuildPhase section */

/* Begin PBXGroup section */
		6A3955662626DC9E00A67AEB /* Models */ = {
			isa = PBXGroup;
			children = (
				6AD81536262844090033399B /* Journey+CoreDataClass.swift */,
				6AD81537262844090033399B /* Journey+CoreDataProperties.swift */,
				6AD81538262844090033399B /* User+CoreDataClass.swift */,
				6AD81539262844090033399B /* User+CoreDataProperties.swift */,
				6AD8153A262844090033399B /* Post+CoreDataClass.swift */,
				6AD8153B262844090033399B /* Post+CoreDataProperties.swift */,
				6AD8153C262844090033399B /* JourneySegment+CoreDataClass.swift */,
				6AD8153D262844090033399B /* JourneySegment+CoreDataProperties.swift */,
			);
			path = Models;
			sourceTree = "<group>";
		};
		6A3955672626DCAA00A67AEB /* ViewControllers */ = {
			isa = PBXGroup;
			children = (
				6AD0545A2626C0D000750EB8 /* ViewController.swift */,
				6AD8152326283A950033399B /* RegisterViewController.swift */,
				6AD8154C262853980033399B /* LoginViewController.swift */,
				6A3955BB2629EB7900A67AEB /* DatePickerViewController.swift */,
				6A3955CC262ADCED00A67AEB /* SelectedDateDetailsViewController.swift */,
				6A3955D1262ADD0900A67AEB /* JourneyDetailsViewController.swift */,
				6A3955D6262ADD2A00A67AEB /* JourneyMediaDetailsViewController.swift */,
				6A377276262D8462003A6417 /* JourneyCreateViewController.swift */,
				6A377260262D6724003A6417 /* MapView.swift */,
			);
			path = ViewControllers;
			sourceTree = "<group>";
		};
		6A3955682626DCCA00A67AEB /* Storyboards */ = {
			isa = PBXGroup;
			children = (
				6A395640262FF87000A67AEB /* DateSelector.storyboard */,
				6A39563B262FF84500A67AEB /* SelectedDateDetails.storyboard */,
				6A395636262FF7B200A67AEB /* JourneyDetails.storyboard */,
				6A395631262FF58A00A67AEB /* JourneyMedia.storyboard */,
				6A37726E262D6D76003A6417 /* JourneyCreate.storyboard */,
				6AD054642626C0D300750EB8 /* LaunchScreen.storyboard */,
				6AD0545C2626C0D000750EB8 /* Main.storyboard */,
			);
			path = Storyboards;
			sourceTree = "<group>";
		};
		6A3955692626DCEC00A67AEB /* Delegates */ = {
			isa = PBXGroup;
			children = (
				6AD054582626C0D000750EB8 /* SceneDelegate.swift */,
				6AD054562626C0D000750EB8 /* AppDelegate.swift */,
			);
			path = Delegates;
			sourceTree = "<group>";
		};
		6A3955702626DD0B00A67AEB /* CoreData */ = {
			isa = PBXGroup;
			children = (
				6AD0545F2626C0D000750EB8 /* InMotion.xcdatamodeld */,
			);
			path = CoreData;
			sourceTree = "<group>";
		};
		6A3955742626EE0900A67AEB /* Networking */ = {
			isa = PBXGroup;
			children = (
				6A3955752626EE4100A67AEB /* empty.swift */,
			);
			path = Networking;
			sourceTree = "<group>";
		};
		6AD0544A2626C0D000750EB8 = {
			isa = PBXGroup;
			children = (
				6AD81B4F2630164A0033399B /* SubFrameworks */,
				6AD8151E26282DE90033399B /* README.md */,
				6AD0548F2628280600750EB8 /* .gitignore */,
				6AD817C6262EC5300033399B /* .gitlab-ci.yml */,
				6AD054552626C0D000750EB8 /* InMotion */,
				6AD0546F2626C0D300750EB8 /* InMotionTests */,
				6AD0547A2626C0D300750EB8 /* InMotionUITests */,
				6AD054542626C0D000750EB8 /* Products */,
				6AD817A1262D8E6B0033399B /* Frameworks */,
			);
			sourceTree = "<group>";
		};
		6AD054542626C0D000750EB8 /* Products */ = {
			isa = PBXGroup;
			children = (
				6AD054532626C0D000750EB8 /* InMotion.app */,
				6AD0546C2626C0D300750EB8 /* InMotionTests.xctest */,
				6AD054772626C0D300750EB8 /* InMotionUITests.xctest */,
			);
			name = Products;
			sourceTree = "<group>";
		};
		6AD054552626C0D000750EB8 /* InMotion */ = {
			isa = PBXGroup;
			children = (
				6A3955742626EE0900A67AEB /* Networking */,
				6A3955662626DC9E00A67AEB /* Models */,
				6A3955702626DD0B00A67AEB /* CoreData */,
				6A3955692626DCEC00A67AEB /* Delegates */,
				6A3955672626DCAA00A67AEB /* ViewControllers */,
				6A3955682626DCCA00A67AEB /* Storyboards */,
				6AD054622626C0D300750EB8 /* Assets.xcassets */,
				6AD054672626C0D300750EB8 /* Info.plist */,
			);
			path = InMotion;
			sourceTree = "<group>";
		};
		6AD0546F2626C0D300750EB8 /* InMotionTests */ = {
			isa = PBXGroup;
			children = (
				6AD054702626C0D300750EB8 /* InMotionTests.swift */,
				6AD054722626C0D300750EB8 /* Info.plist */,
			);
			path = InMotionTests;
			sourceTree = "<group>";
		};
		6AD0547A2626C0D300750EB8 /* InMotionUITests */ = {
			isa = PBXGroup;
			children = (
				6AD0547B2626C0D300750EB8 /* InMotionUITests.swift */,
				6AD0547D2626C0D300750EB8 /* Info.plist */,
			);
			path = InMotionUITests;
			sourceTree = "<group>";
		};
		6AD817A1262D8E6B0033399B /* Frameworks */ = {
			isa = PBXGroup;
			children = (
				6AD817A9262D8E6B0033399B /* AWSAPIGateway.xcframework */,
				6AD817A5262D8E6B0033399B /* AWSAuthCore.xcframework */,
				6AD817A6262D8E6B0033399B /* AWSCognitoIdentityProvider.xcframework */,
				6AD817A3262D8E6B0033399B /* AWSCognitoIdentityProviderASF.xcframework */,
				6AD817A4262D8E6B0033399B /* AWSCore.xcframework */,
				6AD817A7262D8E6B0033399B /* AWSMobileClientXCF.xcframework */,
				6AD817A2262D8E6B0033399B /* AWSS3.xcframework */,
				6AD817A8262D8E6B0033399B /* MOPRIMTmdSdk.xcframework */,
			);
			name = Frameworks;
			sourceTree = "<group>";
		};
		6AD81B4F2630164A0033399B /* SubFrameworks */ = {
			isa = PBXGroup;
			children = (
				6AD81B502630164A0033399B /* AWSCore.xcframework */,
				6AD81B512630164A0033399B /* MOPRIMTmdSdk.xcframework */,
				6AD81B522630164A0033399B /* AWSAPIGateway.xcframework */,
				6AD81B532630164A0033399B /* AWSCognitoIdentityProvider.xcframework */,
				6AD81B542630164A0033399B /* AWSS3.xcframework */,
				6AD81B552630164A0033399B /* AWSMobileClientXCF.xcframework */,
				6AD81B562630164A0033399B /* AWSCognitoIdentityProviderASF.xcframework */,
				6AD81B572630164A0033399B /* AWSAuthCore.xcframework */,
			);
			path = SubFrameworks;
			sourceTree = "<group>";
		};
/* End PBXGroup section */

/* Begin PBXNativeTarget section */
		6AD054522626C0D000750EB8 /* InMotion */ = {
			isa = PBXNativeTarget;
			buildConfigurationList = 6AD054802626C0D300750EB8 /* Build configuration list for PBXNativeTarget "InMotion" */;
			buildPhases = (
				6AD0544F2626C0D000750EB8 /* Sources */,
				6AD054502626C0D000750EB8 /* Frameworks */,
				6AD054512626C0D000750EB8 /* Resources */,
				6AD817BA262D8E6C0033399B /* Embed Frameworks */,
			);
			buildRules = (
			);
			dependencies = (
			);
			name = InMotion;
			productName = InMotion;
			productReference = 6AD054532626C0D000750EB8 /* InMotion.app */;
			productType = "com.apple.product-type.application";
		};
		6AD0546B2626C0D300750EB8 /* InMotionTests */ = {
			isa = PBXNativeTarget;
			buildConfigurationList = 6AD054832626C0D300750EB8 /* Build configuration list for PBXNativeTarget "InMotionTests" */;
			buildPhases = (
				6AD054682626C0D300750EB8 /* Sources */,
				6AD054692626C0D300750EB8 /* Frameworks */,
				6AD0546A2626C0D300750EB8 /* Resources */,
			);
			buildRules = (
			);
			dependencies = (
				6AD0546E2626C0D300750EB8 /* PBXTargetDependency */,
			);
			name = InMotionTests;
			productName = InMotionTests;
			productReference = 6AD0546C2626C0D300750EB8 /* InMotionTests.xctest */;
			productType = "com.apple.product-type.bundle.unit-test";
		};
		6AD054762626C0D300750EB8 /* InMotionUITests */ = {
			isa = PBXNativeTarget;
			buildConfigurationList = 6AD054862626C0D300750EB8 /* Build configuration list for PBXNativeTarget "InMotionUITests" */;
			buildPhases = (
				6AD054732626C0D300750EB8 /* Sources */,
				6AD054742626C0D300750EB8 /* Frameworks */,
				6AD054752626C0D300750EB8 /* Resources */,
			);
			buildRules = (
			);
			dependencies = (
				6AD054792626C0D300750EB8 /* PBXTargetDependency */,
			);
			name = InMotionUITests;
			productName = InMotionUITests;
			productReference = 6AD054772626C0D300750EB8 /* InMotionUITests.xctest */;
			productType = "com.apple.product-type.bundle.ui-testing";
		};
/* End PBXNativeTarget section */

/* Begin PBXProject section */
		6AD0544B2626C0D000750EB8 /* Project object */ = {
			isa = PBXProject;
			attributes = {
				LastSwiftUpdateCheck = 1240;
				LastUpgradeCheck = 1240;
				TargetAttributes = {
					6AD054522626C0D000750EB8 = {
						CreatedOnToolsVersion = 12.4;
					};
					6AD0546B2626C0D300750EB8 = {
						CreatedOnToolsVersion = 12.4;
						TestTargetID = 6AD054522626C0D000750EB8;
					};
					6AD054762626C0D300750EB8 = {
						CreatedOnToolsVersion = 12.4;
						TestTargetID = 6AD054522626C0D000750EB8;
					};
				};
			};
			buildConfigurationList = 6AD0544E2626C0D000750EB8 /* Build configuration list for PBXProject "InMotion" */;
			compatibilityVersion = "Xcode 9.3";
			developmentRegion = en;
			hasScannedForEncodings = 0;
			knownRegions = (
				en,
				Base,
			);
			mainGroup = 6AD0544A2626C0D000750EB8;
			productRefGroup = 6AD054542626C0D000750EB8 /* Products */;
			projectDirPath = "";
			projectRoot = "";
			targets = (
				6AD054522626C0D000750EB8 /* InMotion */,
				6AD0546B2626C0D300750EB8 /* InMotionTests */,
				6AD054762626C0D300750EB8 /* InMotionUITests */,
			);
		};
/* End PBXProject section */

/* Begin PBXResourcesBuildPhase section */
		6AD054512626C0D000750EB8 /* Resources */ = {
			isa = PBXResourcesBuildPhase;
			buildActionMask = 2147483647;
			files = (
				6AD8151F26282DE90033399B /* README.md in Resources */,
				6A37726F262D6D76003A6417 /* JourneyCreate.storyboard in Resources */,
				6A39563D262FF84500A67AEB /* SelectedDateDetails.storyboard in Resources */,
				6A395642262FF87000A67AEB /* DateSelector.storyboard in Resources */,
				6A395633262FF58A00A67AEB /* JourneyMedia.storyboard in Resources */,
				6A395638262FF7B200A67AEB /* JourneyDetails.storyboard in Resources */,
				6AD054902628280600750EB8 /* .gitignore in Resources */,
				6AD054662626C0D300750EB8 /* LaunchScreen.storyboard in Resources */,
				6AD054632626C0D300750EB8 /* Assets.xcassets in Resources */,
				6AD817C7262EC5300033399B /* .gitlab-ci.yml in Resources */,
				6AD0545E2626C0D000750EB8 /* Main.storyboard in Resources */,
			);
			runOnlyForDeploymentPostprocessing = 0;
		};
		6AD0546A2626C0D300750EB8 /* Resources */ = {
			isa = PBXResourcesBuildPhase;
			buildActionMask = 2147483647;
			files = (
			);
			runOnlyForDeploymentPostprocessing = 0;
		};
		6AD054752626C0D300750EB8 /* Resources */ = {
			isa = PBXResourcesBuildPhase;
			buildActionMask = 2147483647;
			files = (
			);
			runOnlyForDeploymentPostprocessing = 0;
		};
/* End PBXResourcesBuildPhase section */

/* Begin PBXSourcesBuildPhase section */
		6AD0544F2626C0D000750EB8 /* Sources */ = {
			isa = PBXSourcesBuildPhase;
			buildActionMask = 2147483647;
			files = (
				6A3955D2262ADD0900A67AEB /* JourneyDetailsViewController.swift in Sources */,
				6AD0545B2626C0D000750EB8 /* ViewController.swift in Sources */,
				6AD8153E262844090033399B /* Journey+CoreDataClass.swift in Sources */,
				6A3955762626EE4100A67AEB /* empty.swift in Sources */,
				6AD8154D262853980033399B /* LoginViewController.swift in Sources */,
				6A3955D7262ADD2A00A67AEB /* JourneyMediaDetailsViewController.swift in Sources */,
				6A3955BC2629EB7900A67AEB /* DatePickerViewController.swift in Sources */,
				6A3955CD262ADCED00A67AEB /* SelectedDateDetailsViewController.swift in Sources */,
				6AD054572626C0D000750EB8 /* AppDelegate.swift in Sources */,
				6AD81542262844090033399B /* Post+CoreDataClass.swift in Sources */,
				6AD81544262844090033399B /* JourneySegment+CoreDataClass.swift in Sources */,
				6AD81543262844090033399B /* Post+CoreDataProperties.swift in Sources */,
				6AD8153F262844090033399B /* Journey+CoreDataProperties.swift in Sources */,
				6AD81545262844090033399B /* JourneySegment+CoreDataProperties.swift in Sources */,
				6AD81540262844090033399B /* User+CoreDataClass.swift in Sources */,
				6AD8152426283A950033399B /* RegisterViewController.swift in Sources */,
				6AD054612626C0D000750EB8 /* InMotion.xcdatamodeld in Sources */,
				6A377261262D6724003A6417 /* MapView.swift in Sources */,
				6A377277262D8462003A6417 /* JourneyCreateViewController.swift in Sources */,
				6AD81541262844090033399B /* User+CoreDataProperties.swift in Sources */,
				6AD054592626C0D000750EB8 /* SceneDelegate.swift in Sources */,
			);
			runOnlyForDeploymentPostprocessing = 0;
		};
		6AD054682626C0D300750EB8 /* Sources */ = {
			isa = PBXSourcesBuildPhase;
			buildActionMask = 2147483647;
			files = (
				6AD054712626C0D300750EB8 /* InMotionTests.swift in Sources */,
			);
			runOnlyForDeploymentPostprocessing = 0;
		};
		6AD054732626C0D300750EB8 /* Sources */ = {
			isa = PBXSourcesBuildPhase;
			buildActionMask = 2147483647;
			files = (
				6AD0547C2626C0D300750EB8 /* InMotionUITests.swift in Sources */,
			);
			runOnlyForDeploymentPostprocessing = 0;
		};
/* End PBXSourcesBuildPhase section */

/* Begin PBXTargetDependency section */
		6AD0546E2626C0D300750EB8 /* PBXTargetDependency */ = {
			isa = PBXTargetDependency;
			target = 6AD054522626C0D000750EB8 /* InMotion */;
			targetProxy = 6AD0546D2626C0D300750EB8 /* PBXContainerItemProxy */;
		};
		6AD054792626C0D300750EB8 /* PBXTargetDependency */ = {
			isa = PBXTargetDependency;
			target = 6AD054522626C0D000750EB8 /* InMotion */;
			targetProxy = 6AD054782626C0D300750EB8 /* PBXContainerItemProxy */;
		};
/* End PBXTargetDependency section */

/* Begin PBXVariantGroup section */
		6A395631262FF58A00A67AEB /* JourneyMedia.storyboard */ = {
			isa = PBXVariantGroup;
			children = (
				6A395632262FF58A00A67AEB /* Base */,
			);
			name = JourneyMedia.storyboard;
			sourceTree = "<group>";
		};
		6A395636262FF7B200A67AEB /* JourneyDetails.storyboard */ = {
			isa = PBXVariantGroup;
			children = (
				6A395637262FF7B200A67AEB /* Base */,
			);
			name = JourneyDetails.storyboard;
			sourceTree = "<group>";
		};
		6A39563B262FF84500A67AEB /* SelectedDateDetails.storyboard */ = {
			isa = PBXVariantGroup;
			children = (
				6A39563C262FF84500A67AEB /* Base */,
			);
			name = SelectedDateDetails.storyboard;
			sourceTree = "<group>";
		};
		6A395640262FF87000A67AEB /* DateSelector.storyboard */ = {
			isa = PBXVariantGroup;
			children = (
				6A395641262FF87000A67AEB /* Base */,
			);
			name = DateSelector.storyboard;
			sourceTree = "<group>";
		};
		6AD0545C2626C0D000750EB8 /* Main.storyboard */ = {
			isa = PBXVariantGroup;
			children = (
				6AD0545D2626C0D000750EB8 /* Base */,
			);
			name = Main.storyboard;
			sourceTree = "<group>";
		};
		6AD054642626C0D300750EB8 /* LaunchScreen.storyboard */ = {
			isa = PBXVariantGroup;
			children = (
				6AD054652626C0D300750EB8 /* Base */,
			);
			name = LaunchScreen.storyboard;
			sourceTree = "<group>";
		};
/* End PBXVariantGroup section */

/* Begin XCBuildConfiguration section */
		6AD0547E2626C0D300750EB8 /* Debug */ = {
			isa = XCBuildConfiguration;
			buildSettings = {
				ALWAYS_SEARCH_USER_PATHS = NO;
				CLANG_ANALYZER_NONNULL = YES;
				CLANG_ANALYZER_NUMBER_OBJECT_CONVERSION = YES_AGGRESSIVE;
				CLANG_CXX_LANGUAGE_STANDARD = "gnu++14";
				CLANG_CXX_LIBRARY = "libc++";
				CLANG_ENABLE_MODULES = YES;
				CLANG_ENABLE_OBJC_ARC = YES;
				CLANG_ENABLE_OBJC_WEAK = YES;
				CLANG_WARN_BLOCK_CAPTURE_AUTORELEASING = YES;
				CLANG_WARN_BOOL_CONVERSION = YES;
				CLANG_WARN_COMMA = YES;
				CLANG_WARN_CONSTANT_CONVERSION = YES;
				CLANG_WARN_DEPRECATED_OBJC_IMPLEMENTATIONS = YES;
				CLANG_WARN_DIRECT_OBJC_ISA_USAGE = YES_ERROR;
				CLANG_WARN_DOCUMENTATION_COMMENTS = YES;
				CLANG_WARN_EMPTY_BODY = YES;
				CLANG_WARN_ENUM_CONVERSION = YES;
				CLANG_WARN_INFINITE_RECURSION = YES;
				CLANG_WARN_INT_CONVERSION = YES;
				CLANG_WARN_NON_LITERAL_NULL_CONVERSION = YES;
				CLANG_WARN_OBJC_IMPLICIT_RETAIN_SELF = YES;
				CLANG_WARN_OBJC_LITERAL_CONVERSION = YES;
				CLANG_WARN_OBJC_ROOT_CLASS = YES_ERROR;
				CLANG_WARN_QUOTED_INCLUDE_IN_FRAMEWORK_HEADER = YES;
				CLANG_WARN_RANGE_LOOP_ANALYSIS = YES;
				CLANG_WARN_STRICT_PROTOTYPES = YES;
				CLANG_WARN_SUSPICIOUS_MOVE = YES;
				CLANG_WARN_UNGUARDED_AVAILABILITY = YES_AGGRESSIVE;
				CLANG_WARN_UNREACHABLE_CODE = YES;
				CLANG_WARN__DUPLICATE_METHOD_MATCH = YES;
				COPY_PHASE_STRIP = NO;
				DEBUG_INFORMATION_FORMAT = dwarf;
				ENABLE_STRICT_OBJC_MSGSEND = YES;
				ENABLE_TESTABILITY = YES;
				GCC_C_LANGUAGE_STANDARD = gnu11;
				GCC_DYNAMIC_NO_PIC = NO;
				GCC_NO_COMMON_BLOCKS = YES;
				GCC_OPTIMIZATION_LEVEL = 0;
				GCC_PREPROCESSOR_DEFINITIONS = (
					"DEBUG=1",
					"$(inherited)",
				);
				GCC_WARN_64_TO_32_BIT_CONVERSION = YES;
				GCC_WARN_ABOUT_RETURN_TYPE = YES_ERROR;
				GCC_WARN_UNDECLARED_SELECTOR = YES;
				GCC_WARN_UNINITIALIZED_AUTOS = YES_AGGRESSIVE;
				GCC_WARN_UNUSED_FUNCTION = YES;
				GCC_WARN_UNUSED_VARIABLE = YES;
				IPHONEOS_DEPLOYMENT_TARGET = 14.4;
				MTL_ENABLE_DEBUG_INFO = INCLUDE_SOURCE;
				MTL_FAST_MATH = YES;
				ONLY_ACTIVE_ARCH = YES;
				SDKROOT = iphoneos;
				SWIFT_ACTIVE_COMPILATION_CONDITIONS = DEBUG;
				SWIFT_OPTIMIZATION_LEVEL = "-Onone";
			};
			name = Debug;
		};
		6AD0547F2626C0D300750EB8 /* Release */ = {
			isa = XCBuildConfiguration;
			buildSettings = {
				ALWAYS_SEARCH_USER_PATHS = NO;
				CLANG_ANALYZER_NONNULL = YES;
				CLANG_ANALYZER_NUMBER_OBJECT_CONVERSION = YES_AGGRESSIVE;
				CLANG_CXX_LANGUAGE_STANDARD = "gnu++14";
				CLANG_CXX_LIBRARY = "libc++";
				CLANG_ENABLE_MODULES = YES;
				CLANG_ENABLE_OBJC_ARC = YES;
				CLANG_ENABLE_OBJC_WEAK = YES;
				CLANG_WARN_BLOCK_CAPTURE_AUTORELEASING = YES;
				CLANG_WARN_BOOL_CONVERSION = YES;
				CLANG_WARN_COMMA = YES;
				CLANG_WARN_CONSTANT_CONVERSION = YES;
				CLANG_WARN_DEPRECATED_OBJC_IMPLEMENTATIONS = YES;
				CLANG_WARN_DIRECT_OBJC_ISA_USAGE = YES_ERROR;
				CLANG_WARN_DOCUMENTATION_COMMENTS = YES;
				CLANG_WARN_EMPTY_BODY = YES;
				CLANG_WARN_ENUM_CONVERSION = YES;
				CLANG_WARN_INFINITE_RECURSION = YES;
				CLANG_WARN_INT_CONVERSION = YES;
				CLANG_WARN_NON_LITERAL_NULL_CONVERSION = YES;
				CLANG_WARN_OBJC_IMPLICIT_RETAIN_SELF = YES;
				CLANG_WARN_OBJC_LITERAL_CONVERSION = YES;
				CLANG_WARN_OBJC_ROOT_CLASS = YES_ERROR;
				CLANG_WARN_QUOTED_INCLUDE_IN_FRAMEWORK_HEADER = YES;
				CLANG_WARN_RANGE_LOOP_ANALYSIS = YES;
				CLANG_WARN_STRICT_PROTOTYPES = YES;
				CLANG_WARN_SUSPICIOUS_MOVE = YES;
				CLANG_WARN_UNGUARDED_AVAILABILITY = YES_AGGRESSIVE;
				CLANG_WARN_UNREACHABLE_CODE = YES;
				CLANG_WARN__DUPLICATE_METHOD_MATCH = YES;
				COPY_PHASE_STRIP = NO;
				DEBUG_INFORMATION_FORMAT = "dwarf-with-dsym";
				ENABLE_NS_ASSERTIONS = NO;
				ENABLE_STRICT_OBJC_MSGSEND = YES;
				GCC_C_LANGUAGE_STANDARD = gnu11;
				GCC_NO_COMMON_BLOCKS = YES;
				GCC_WARN_64_TO_32_BIT_CONVERSION = YES;
				GCC_WARN_ABOUT_RETURN_TYPE = YES_ERROR;
				GCC_WARN_UNDECLARED_SELECTOR = YES;
				GCC_WARN_UNINITIALIZED_AUTOS = YES_AGGRESSIVE;
				GCC_WARN_UNUSED_FUNCTION = YES;
				GCC_WARN_UNUSED_VARIABLE = YES;
				IPHONEOS_DEPLOYMENT_TARGET = 14.4;
				MTL_ENABLE_DEBUG_INFO = NO;
				MTL_FAST_MATH = YES;
				SDKROOT = iphoneos;
				SWIFT_COMPILATION_MODE = wholemodule;
				SWIFT_OPTIMIZATION_LEVEL = "-O";
				VALIDATE_PRODUCT = YES;
			};
			name = Release;
		};
		6AD054812626C0D300750EB8 /* Debug */ = {
			isa = XCBuildConfiguration;
			buildSettings = {
				ASSETCATALOG_COMPILER_APPICON_NAME = AppIcon;
				ASSETCATALOG_COMPILER_GLOBAL_ACCENT_COLOR_NAME = AccentColor;
				CODE_SIGN_STYLE = Automatic;
				INFOPLIST_FILE = InMotion/Info.plist;
				LD_RUNPATH_SEARCH_PATHS = (
					"$(inherited)",
					"@executable_path/Frameworks",
				);
				PRODUCT_BUNDLE_IDENTIFIER = fi.metropolia.inmotion.InMotion;
				PRODUCT_NAME = "$(TARGET_NAME)";
				SWIFT_VERSION = 5.0;
				TARGETED_DEVICE_FAMILY = "1,2";
			};
			name = Debug;
		};
		6AD054822626C0D300750EB8 /* Release */ = {
			isa = XCBuildConfiguration;
			buildSettings = {
				ASSETCATALOG_COMPILER_APPICON_NAME = AppIcon;
				ASSETCATALOG_COMPILER_GLOBAL_ACCENT_COLOR_NAME = AccentColor;
				CODE_SIGN_STYLE = Automatic;
				INFOPLIST_FILE = InMotion/Info.plist;
				LD_RUNPATH_SEARCH_PATHS = (
					"$(inherited)",
					"@executable_path/Frameworks",
				);
				PRODUCT_BUNDLE_IDENTIFIER = fi.metropolia.inmotion.InMotion;
				PRODUCT_NAME = "$(TARGET_NAME)";
				SWIFT_VERSION = 5.0;
				TARGETED_DEVICE_FAMILY = "1,2";
			};
			name = Release;
		};
		6AD054842626C0D300750EB8 /* Debug */ = {
			isa = XCBuildConfiguration;
			buildSettings = {
				ALWAYS_EMBED_SWIFT_STANDARD_LIBRARIES = YES;
				BUNDLE_LOADER = "$(TEST_HOST)";
				CODE_SIGN_STYLE = Automatic;
				INFOPLIST_FILE = InMotionTests/Info.plist;
				IPHONEOS_DEPLOYMENT_TARGET = 14.4;
				LD_RUNPATH_SEARCH_PATHS = (
					"$(inherited)",
					"@executable_path/Frameworks",
					"@loader_path/Frameworks",
				);
				PRODUCT_BUNDLE_IDENTIFIER = fi.metropolia.inmotion.InMotionTests;
				PRODUCT_NAME = "$(TARGET_NAME)";
				SWIFT_VERSION = 5.0;
				TARGETED_DEVICE_FAMILY = "1,2";
				TEST_HOST = "$(BUILT_PRODUCTS_DIR)/InMotion.app/InMotion";
			};
			name = Debug;
		};
		6AD054852626C0D300750EB8 /* Release */ = {
			isa = XCBuildConfiguration;
			buildSettings = {
				ALWAYS_EMBED_SWIFT_STANDARD_LIBRARIES = YES;
				BUNDLE_LOADER = "$(TEST_HOST)";
				CODE_SIGN_STYLE = Automatic;
				INFOPLIST_FILE = InMotionTests/Info.plist;
				IPHONEOS_DEPLOYMENT_TARGET = 14.4;
				LD_RUNPATH_SEARCH_PATHS = (
					"$(inherited)",
					"@executable_path/Frameworks",
					"@loader_path/Frameworks",
				);
				PRODUCT_BUNDLE_IDENTIFIER = fi.metropolia.inmotion.InMotionTests;
				PRODUCT_NAME = "$(TARGET_NAME)";
				SWIFT_VERSION = 5.0;
				TARGETED_DEVICE_FAMILY = "1,2";
				TEST_HOST = "$(BUILT_PRODUCTS_DIR)/InMotion.app/InMotion";
			};
			name = Release;
		};
		6AD054872626C0D300750EB8 /* Debug */ = {
			isa = XCBuildConfiguration;
			buildSettings = {
				ALWAYS_EMBED_SWIFT_STANDARD_LIBRARIES = YES;
				CODE_SIGN_STYLE = Automatic;
				INFOPLIST_FILE = InMotionUITests/Info.plist;
				LD_RUNPATH_SEARCH_PATHS = (
					"$(inherited)",
					"@executable_path/Frameworks",
					"@loader_path/Frameworks",
				);
				PRODUCT_BUNDLE_IDENTIFIER = fi.metropolia.inmotion.InMotionUITests;
				PRODUCT_NAME = "$(TARGET_NAME)";
				SWIFT_VERSION = 5.0;
				TARGETED_DEVICE_FAMILY = "1,2";
				TEST_TARGET_NAME = InMotion;
			};
			name = Debug;
		};
		6AD054882626C0D300750EB8 /* Release */ = {
			isa = XCBuildConfiguration;
			buildSettings = {
				ALWAYS_EMBED_SWIFT_STANDARD_LIBRARIES = YES;
				CODE_SIGN_STYLE = Automatic;
				INFOPLIST_FILE = InMotionUITests/Info.plist;
				LD_RUNPATH_SEARCH_PATHS = (
					"$(inherited)",
					"@executable_path/Frameworks",
					"@loader_path/Frameworks",
				);
				PRODUCT_BUNDLE_IDENTIFIER = fi.metropolia.inmotion.InMotionUITests;
				PRODUCT_NAME = "$(TARGET_NAME)";
				SWIFT_VERSION = 5.0;
				TARGETED_DEVICE_FAMILY = "1,2";
				TEST_TARGET_NAME = InMotion;
			};
			name = Release;
		};
/* End XCBuildConfiguration section */

/* Begin XCConfigurationList section */
		6AD0544E2626C0D000750EB8 /* Build configuration list for PBXProject "InMotion" */ = {
			isa = XCConfigurationList;
			buildConfigurations = (
				6AD0547E2626C0D300750EB8 /* Debug */,
				6AD0547F2626C0D300750EB8 /* Release */,
			);
			defaultConfigurationIsVisible = 0;
			defaultConfigurationName = Release;
		};
		6AD054802626C0D300750EB8 /* Build configuration list for PBXNativeTarget "InMotion" */ = {
			isa = XCConfigurationList;
			buildConfigurations = (
				6AD054812626C0D300750EB8 /* Debug */,
				6AD054822626C0D300750EB8 /* Release */,
			);
			defaultConfigurationIsVisible = 0;
			defaultConfigurationName = Release;
		};
		6AD054832626C0D300750EB8 /* Build configuration list for PBXNativeTarget "InMotionTests" */ = {
			isa = XCConfigurationList;
			buildConfigurations = (
				6AD054842626C0D300750EB8 /* Debug */,
				6AD054852626C0D300750EB8 /* Release */,
			);
			defaultConfigurationIsVisible = 0;
			defaultConfigurationName = Release;
		};
		6AD054862626C0D300750EB8 /* Build configuration list for PBXNativeTarget "InMotionUITests" */ = {
			isa = XCConfigurationList;
			buildConfigurations = (
				6AD054872626C0D300750EB8 /* Debug */,
				6AD054882626C0D300750EB8 /* Release */,
			);
			defaultConfigurationIsVisible = 0;
			defaultConfigurationName = Release;
		};
/* End XCConfigurationList section */

/* Begin XCVersionGroup section */
		6AD0545F2626C0D000750EB8 /* InMotion.xcdatamodeld */ = {
			isa = XCVersionGroup;
			children = (
				6AD054602626C0D000750EB8 /* InMotion.xcdatamodel */,
			);
			currentVersion = 6AD054602626C0D000750EB8 /* InMotion.xcdatamodel */;
			path = InMotion.xcdatamodeld;
			sourceTree = "<group>";
			versionGroupType = wrapper.xcdatamodel;
		};
/* End XCVersionGroup section */
	};
	rootObject = 6AD0544B2626C0D000750EB8 /* Project object */;
}
